
Microsoft Visual Studio Solution File, Format Version 12.00
Project("{FAE04EC0-301F-11D3-BF4B-00C04F79EFBC}") = "_016_ClassiAstratte_RelazioniTraClassi", "_016_ClassiAstratte_RelazioniTraClassi.csproj", "{0EB5CED3-5091-4C26-8C94-4F934AB7E12A}"
EndProject
Global
	GlobalSection(SolutionConfigurationPlatforms) = preSolution
		Debug|Any CPU = Debug|Any CPU
		Release|Any CPU = Release|Any CPU
	EndGlobalSection
	GlobalSection(ProjectConfigurationPlatforms) = postSolution
		{0EB5CED3-5091-4C26-8C94-4F934AB7E12A}.Debug|Any CPU.ActiveCfg = Debug|Any CPU
		{0EB5CED3-5091-4C26-8C94-4F934AB7E12A}.Debug|Any CPU.Build.0 = Debug|Any CPU
		{0EB5CED3-5091-4C26-8C94-4F934AB7E12A}.Release|Any CPU.ActiveCfg = Release|Any CPU
		{0EB5CED3-5091-4C26-8C94-4F934AB7E12A}.Release|Any CPU.Build.0 = Release|Any CPU
	EndGlobalSection
EndGlobal
